PODS:
  - LYQRCodeGenerateAndScan (0.0.3):
    - ZXingObjC (~> 3.6.4)
  - ZXingObjC (3.6.5):
    - ZXingObjC/All (= 3.6.5)
  - ZXingObjC/All (3.6.5)

DEPENDENCIES:
  - LYQRCodeGenerateAndScan (from `../`)

SPEC REPOS:
  trunk:
    - ZXingObjC

EXTERNAL SOURCES:
  LYQRCodeGenerateAndScan:
    :path: "../"

SPEC CHECKSUMS:
  LYQRCodeGenerateAndScan: ca23f781922d584dc2a037b1d40c8b5e2681ab99
  ZXingObjC: fdbb269f25dd2032da343e06f10224d62f537bdb

PODFILE CHECKSUM: 2665fc7d4ed232627ad7a2126a7be309294858cc

COCOAPODS: 1.11.2
